
Microsoft Visual Studio Solution File, Format Version 12.00
# Visual Studio Version 17
VisualStudioVersion = 17.12.35527.113 d17.12
MinimumVisualStudioVersion = 10.0.40219.1
Project("{FAE04EC0-301F-11D3-BF4B-00C04F79EFBC}") = "EF Core Assignment Part01", "EF Core Assignment Part01\EF Core Assignment Part01.csproj", "{5BEB9B47-4C16-4BAB-A009-97A5A817928D}"
EndProject
Global
	GlobalSection(SolutionConfigurationPlatforms) = preSolution
		Debug|Any CPU = Debug|Any CPU
		Release|Any CPU = Release|Any CPU
	EndGlobalSection
	GlobalSection(ProjectConfigurationPlatforms) = postSolution
		{5BEB9B47-4C16-4BAB-A009-97A5A817928D}.Debug|Any CPU.ActiveCfg = Debug|Any CPU
		{5BEB9B47-4C16-4BAB-A009-97A5A817928D}.Debug|Any CPU.Build.0 = Debug|Any CPU
		{5BEB9B47-4C16-4BAB-A009-97A5A817928D}.Release|Any CPU.ActiveCfg = Release|Any CPU
		{5BEB9B47-4C16-4BAB-A009-97A5A817928D}.Release|Any CPU.Build.0 = Release|Any CPU
	EndGlobalSection
	GlobalSection(SolutionProperties) = preSolution
		HideSolutionNode = FALSE
	EndGlobalSection
EndGlobal
